
Microsoft Visual Studio Solution File, Format Version 12.00
# Visual Studio Version 17
VisualStudioVersion = 17.4.33205.214
MinimumVisualStudioVersion = 10.0.40219.1
Project("{9A19103F-16F7-4668-BE54-9A1E7A4F7556}") = "Entities", "Entities\Entities.csproj", "{765A6C37-44D9-4763-8D8C-8E9ECC478970}"
EndProject
Project("{9A19103F-16F7-4668-BE54-9A1E7A4F7556}") = "DataAccess", "DataAccess\DataAccess.csproj", "{EEEE987D-4F11-4306-802C-EEEAD3CF0A62}"
EndProject
Project("{9A19103F-16F7-4668-BE54-9A1E7A4F7556}") = "Business", "Business\Business.csproj", "{908BFD71-D17C-4192-A701-92397EB99568}"
EndProject
Project("{9A19103F-16F7-4668-BE54-9A1E7A4F7556}") = "ConsoleUI", "ConsoleUI\ConsoleUI.csproj", "{D0B7300E-ED81-403D-A677-5ED8807CF113}"
EndProject
Project("{FAE04EC0-301F-11D3-BF4B-00C04F79EFBC}") = "Core", "Core\Core.csproj", "{B846163E-BB10-4160-9782-F6EE3AF42113}"
EndProject
Global
	GlobalSection(SolutionConfigurationPlatforms) = preSolution
		Debug|Any CPU = Debug|Any CPU
		Release|Any CPU = Release|Any CPU
	EndGlobalSection
	GlobalSection(ProjectConfigurationPlatforms) = postSolution
		{765A6C37-44D9-4763-8D8C-8E9ECC478970}.Debug|Any CPU.ActiveCfg = Debug|Any CPU
		{765A6C37-44D9-4763-8D8C-8E9ECC478970}.Debug|Any CPU.Build.0 = Debug|Any CPU
		{765A6C37-44D9-4763-8D8C-8E9ECC478970}.Release|Any CPU.ActiveCfg = Release|Any CPU
		{765A6C37-44D9-4763-8D8C-8E9ECC478970}.Release|Any CPU.Build.0 = Release|Any CPU
		{EEEE987D-4F11-4306-802C-EEEAD3CF0A62}.Debug|Any CPU.ActiveCfg = Debug|Any CPU
		{EEEE987D-4F11-4306-802C-EEEAD3CF0A62}.Debug|Any CPU.Build.0 = Debug|Any CPU
		{EEEE987D-4F11-4306-802C-EEEAD3CF0A62}.Release|Any CPU.ActiveCfg = Release|Any CPU
		{EEEE987D-4F11-4306-802C-EEEAD3CF0A62}.Release|Any CPU.Build.0 = Release|Any CPU
		{908BFD71-D17C-4192-A701-92397EB99568}.Debug|Any CPU.ActiveCfg = Debug|Any CPU
		{908BFD71-D17C-4192-A701-92397EB99568}.Debug|Any CPU.Build.0 = Debug|Any CPU
		{908BFD71-D17C-4192-A701-92397EB99568}.Release|Any CPU.ActiveCfg = Release|Any CPU
		{908BFD71-D17C-4192-A701-92397EB99568}.Release|Any CPU.Build.0 = Release|Any CPU
		{D0B7300E-ED81-403D-A677-5ED8807CF113}.Debug|Any CPU.ActiveCfg = Debug|Any CPU
		{D0B7300E-ED81-403D-A677-5ED8807CF113}.Debug|Any CPU.Build.0 = Debug|Any CPU
		{D0B7300E-ED81-403D-A677-5ED8807CF113}.Release|Any CPU.ActiveCfg = Release|Any CPU
		{D0B7300E-ED81-403D-A677-5ED8807CF113}.Release|Any CPU.Build.0 = Release|Any CPU
		{B846163E-BB10-4160-9782-F6EE3AF42113}.Debug|Any CPU.ActiveCfg = Debug|Any CPU
		{B846163E-BB10-4160-9782-F6EE3AF42113}.Debug|Any CPU.Build.0 = Debug|Any CPU
		{B846163E-BB10-4160-9782-F6EE3AF42113}.Release|Any CPU.ActiveCfg = Release|Any CPU
		{B846163E-BB10-4160-9782-F6EE3AF42113}.Release|Any CPU.Build.0 = Release|Any CPU
	EndGlobalSection
	GlobalSection(SolutionProperties) = preSolution
		HideSolutionNode = FALSE
	EndGlobalSection
	GlobalSection(ExtensibilityGlobals) = postSolution
		SolutionGuid = {3E6AF969-02F7-4097-8542-1BCFF13E4DE7}
	EndGlobalSection
EndGlobal
